// !$*UTF8*$!
{
	archiveVersion = 1;
	classes = {
	};
	objectVersion = 46;
	objects = {

/* Begin PBXBuildFile section */
		ED66E3721E00408300C84CCE /* AppDelegate.swift in Sources */ = {isa = PBXBuildFile; fileRef = ED66E3711E00408300C84CCE /* AppDelegate.swift */; };
		ED66E3741E00408300C84CCE /* GameView.swift in Sources */ = {isa = PBXBuildFile; fileRef = ED66E3731E00408300C84CCE /* GameView.swift */; };
		ED66E3761E00408300C84CCE /* GameViewController.swift in Sources */ = {isa = PBXBuildFile; fileRef = ED66E3751E00408300C84CCE /* GameViewController.swift */; };
		ED66E3781E00408300C84CCE /* art.scnassets in Resources */ = {isa = PBXBuildFile; fileRef = ED66E3771E00408300C84CCE /* art.scnassets */; };
		ED66E37A1E00408300C84CCE /* Assets.xcassets in Resources */ = {isa = PBXBuildFile; fileRef = ED66E3791E00408300C84CCE /* Assets.xcassets */; };
		ED66E37D1E00408300C84CCE /* MainMenu.xib in Resources */ = {isa = PBXBuildFile; fileRef = ED66E37B1E00408300C84CCE /* MainMenu.xib */; };
		ED66E3881E00408300C84CCE /* AttractorsTests.swift in Sources */ = {isa = PBXBuildFile; fileRef = ED66E3871E00408300C84CCE /* AttractorsTests.swift */; };
		ED66E3931E00408400C84CCE /* AttractorsUITests.swift in Sources */ = {isa = PBXBuildFile; fileRef = ED66E3921E00408400C84CCE /* AttractorsUITests.swift */; };
		ED66E3A11E005E8B00C84CCE /* PointCloudVertex.swift in Sources */ = {isa = PBXBuildFile; fileRef = ED66E3A01E005E8B00C84CCE /* PointCloudVertex.swift */; };
		ED66E3A31E0069CC00C84CCE /* Attractor.swift in Sources */ = {isa = PBXBuildFile; fileRef = ED66E3A21E0069CC00C84CCE /* Attractor.swift */; };
		ED66E3A51E006A6200C84CCE /* LorenzAttractor.swift in Sources */ = {isa = PBXBuildFile; fileRef = ED66E3A41E006A6200C84CCE /* LorenzAttractor.swift */; };
		ED66E3A71E006C7700C84CCE /* AizawaAttractor.swift in Sources */ = {isa = PBXBuildFile; fileRef = ED66E3A61E006C7700C84CCE /* AizawaAttractor.swift */; };
		ED66E3AB1E00706600C84CCE /* AnishchenkoAttractor.swift in Sources */ = {isa = PBXBuildFile; fileRef = ED66E3AA1E00706600C84CCE /* AnishchenkoAttractor.swift */; };
/* End PBXBuildFile section */

/* Begin PBXContainerItemProxy section */
		ED66E3841E00408300C84CCE /* PBXContainerItemProxy */ = {
			isa = PBXContainerItemProxy;
			containerPortal = ED66E3661E00408300C84CCE /* Project object */;
			proxyType = 1;
			remoteGlobalIDString = ED66E36D1E00408300C84CCE;
			remoteInfo = Attractors;
		};
		ED66E38F1E00408400C84CCE /* PBXContainerItemProxy */ = {
			isa = PBXContainerItemProxy;
			containerPortal = ED66E3661E00408300C84CCE /* Project object */;
			proxyType = 1;
			remoteGlobalIDString = ED66E36D1E00408300C84CCE;
			remoteInfo = Attractors;
		};
/* End PBXContainerItemProxy section */

/* Begin PBXFileReference section */
		ED66E36E1E00408300C84CCE /* Attractors.app */ = {isa = PBXFileReference; explicitFileType = wrapper.application; includeInIndex = 0; path = Attractors.app; sourceTree = BUILT_PRODUCTS_DIR; };
		ED66E3711E00408300C84CCE /* AppDelegate.swift */ = {isa = PBXFileReference; lastKnownFileType = sourcecode.swift; path = AppDelegate.swift; sourceTree = "<group>"; };
		ED66E3731E00408300C84CCE /* GameView.swift */ = {isa = PBXFileReference; lastKnownFileType = sourcecode.swift; path = GameView.swift; sourceTree = "<group>"; };
		ED66E3751E00408300C84CCE /* GameViewController.swift */ = {isa = PBXFileReference; lastKnownFileType = sourcecode.swift; path = GameViewController.swift; sourceTree = "<group>"; };
		ED66E3771E00408300C84CCE /* art.scnassets */ = {isa = PBXFileReference; lastKnownFileType = wrapper.scnassets; path = art.scnassets; sourceTree = "<group>"; };
		ED66E3791E00408300C84CCE /* Assets.xcassets */ = {isa = PBXFileReference; lastKnownFileType = folder.assetcatalog; path = Assets.xcassets; sourceTree = "<group>"; };
		ED66E37C1E00408300C84CCE /* Base */ = {isa = PBXFileReference; lastKnownFileType = file.xib; name = Base; path = Base.lproj/MainMenu.xib; sourceTree = "<group>"; };
		ED66E37E1E00408300C84CCE /* Info.plist */ = {isa = PBXFileReference; lastKnownFileType = text.plist.xml; path = Info.plist; sourceTree = "<group>"; };
		ED66E3831E00408300C84CCE /* AttractorsTests.xctest */ = {isa = PBXFileReference; explicitFileType = wrapper.cfbundle; includeInIndex = 0; path = AttractorsTests.xctest; sourceTree = BUILT_PRODUCTS_DIR; };
		ED66E3871E00408300C84CCE /* AttractorsTests.swift */ = {isa = PBXFileReference; lastKnownFileType = sourcecode.swift; path = AttractorsTests.swift; sourceTree = "<group>"; };
		ED66E3891E00408300C84CCE /* Info.plist */ = {isa = PBXFileReference; lastKnownFileType = text.plist.xml; path = Info.plist; sourceTree = "<group>"; };
		ED66E38E1E00408400C84CCE /* AttractorsUITests.xctest */ = {isa = PBXFileReference; explicitFileType = wrapper.cfbundle; includeInIndex = 0; path = AttractorsUITests.xctest; sourceTree = BUILT_PRODUCTS_DIR; };
		ED66E3921E00408400C84CCE /* AttractorsUITests.swift */ = {isa = PBXFileReference; lastKnownFileType = sourcecode.swift; path = AttractorsUITests.swift; sourceTree = "<group>"; };
		ED66E3941E00408400C84CCE /* Info.plist */ = {isa = PBXFileReference; lastKnownFileType = text.plist.xml; path = Info.plist; sourceTree = "<group>"; };
		ED66E3A01E005E8B00C84CCE /* PointCloudVertex.swift */ = {isa = PBXFileReference; fileEncoding = 4; lastKnownFileType = sourcecode.swift; path = PointCloudVertex.swift; sourceTree = "<group>"; };
		ED66E3A21E0069CC00C84CCE /* Attractor.swift */ = {isa = PBXFileReference; fileEncoding = 4; lastKnownFileType = sourcecode.swift; path = Attractor.swift; sourceTree = "<group>"; };
		ED66E3A41E006A6200C84CCE /* LorenzAttractor.swift */ = {isa = PBXFileReference; fileEncoding = 4; lastKnownFileType = sourcecode.swift; path = LorenzAttractor.swift; sourceTree = "<group>"; };
		ED66E3A61E006C7700C84CCE /* AizawaAttractor.swift */ = {isa = PBXFileReference; fileEncoding = 4; lastKnownFileType = sourcecode.swift; path = AizawaAttractor.swift; sourceTree = "<group>"; };
		ED66E3AA1E00706600C84CCE /* AnishchenkoAttractor.swift */ = {isa = PBXFileReference; fileEncoding = 4; lastKnownFileType = sourcecode.swift; path = AnishchenkoAttractor.swift; sourceTree = "<group>"; };
/* End PBXFileReference section */

/* Begin PBXFrameworksBuildPhase section */
		ED66E36B1E00408300C84CCE /* Frameworks */ = {
			isa = PBXFrameworksBuildPhase;
			buildActionMask = 2147483647;
			files = (
			);
			runOnlyForDeploymentPostprocessing = 0;
		};
		ED66E3801E00408300C84CCE /* Frameworks */ = {
			isa = PBXFrameworksBuildPhase;
			buildActionMask = 2147483647;
			files = (
			);
			runOnlyForDeploymentPostprocessing = 0;
		};
		ED66E38B1E00408400C84CCE /* Frameworks */ = {
			isa = PBXFrameworksBuildPhase;
			buildActionMask = 2147483647;
			files = (
			);
			runOnlyForDeploymentPostprocessing = 0;
		};
/* End PBXFrameworksBuildPhase section */

/* Begin PBXGroup section */
		ED66E3651E00408300C84CCE = {
			isa = PBXGroup;
			children = (
				ED66E3701E00408300C84CCE /* Attractors */,
				ED66E3861E00408300C84CCE /* AttractorsTests */,
				ED66E3911E00408400C84CCE /* AttractorsUITests */,
				ED66E36F1E00408300C84CCE /* Products */,
			);
			sourceTree = "<group>";
		};
		ED66E36F1E00408300C84CCE /* Products */ = {
			isa = PBXGroup;
			children = (
				ED66E36E1E00408300C84CCE /* Attractors.app */,
				ED66E3831E00408300C84CCE /* AttractorsTests.xctest */,
				ED66E38E1E00408400C84CCE /* AttractorsUITests.xctest */,
			);
			name = Products;
			sourceTree = "<group>";
		};
		ED66E3701E00408300C84CCE /* Attractors */ = {
			isa = PBXGroup;
			children = (
				ED66E3711E00408300C84CCE /* AppDelegate.swift */,
				ED66E3731E00408300C84CCE /* GameView.swift */,
				ED66E3751E00408300C84CCE /* GameViewController.swift */,
				ED66E3771E00408300C84CCE /* art.scnassets */,
				ED66E3791E00408300C84CCE /* Assets.xcassets */,
				ED66E37B1E00408300C84CCE /* MainMenu.xib */,
				ED66E37E1E00408300C84CCE /* Info.plist */,
				ED66E3A01E005E8B00C84CCE /* PointCloudVertex.swift */,
				ED66E3AA1E00706600C84CCE /* AnishchenkoAttractor.swift */,
				ED66E3A21E0069CC00C84CCE /* Attractor.swift */,
				ED66E3A41E006A6200C84CCE /* LorenzAttractor.swift */,
				ED66E3A61E006C7700C84CCE /* AizawaAttractor.swift */,
			);
			path = Attractors;
			sourceTree = "<group>";
		};
		ED66E3861E00408300C84CCE /* AttractorsTests */ = {
			isa = PBXGroup;
			children = (
				ED66E3871E00408300C84CCE /* AttractorsTests.swift */,
				ED66E3891E00408300C84CCE /* Info.plist */,
			);
			path = AttractorsTests;
			sourceTree = "<group>";
		};
		ED66E3911E00408400C84CCE /* AttractorsUITests */ = {
			isa = PBXGroup;
			children = (
				ED66E3921E00408400C84CCE /* AttractorsUITests.swift */,
				ED66E3941E00408400C84CCE /* Info.plist */,
			);
			path = AttractorsUITests;
			sourceTree = "<group>";
		};
/* End PBXGroup section */

/* Begin PBXNativeTarget section */
		ED66E36D1E00408300C84CCE /* Attractors */ = {
			isa = PBXNativeTarget;
			buildConfigurationList = ED66E3971E00408400C84CCE /* Build configuration list for PBXNativeTarget "Attractors" */;
			buildPhases = (
				ED66E36A1E00408300C84CCE /* Sources */,
				ED66E36B1E00408300C84CCE /* Frameworks */,
				ED66E36C1E00408300C84CCE /* Resources */,
			);
			buildRules = (
			);
			dependencies = (
			);
			name = Attractors;
			productName = Attractors;
			productReference = ED66E36E1E00408300C84CCE /* Attractors.app */;
			productType = "com.apple.product-type.application";
		};
		ED66E3821E00408300C84CCE /* AttractorsTests */ = {
			isa = PBXNativeTarget;
			buildConfigurationList = ED66E39A1E00408400C84CCE /* Build configuration list for PBXNativeTarget "AttractorsTests" */;
			buildPhases = (
				ED66E37F1E00408300C84CCE /* Sources */,
				ED66E3801E00408300C84CCE /* Frameworks */,
				ED66E3811E00408300C84CCE /* Resources */,
			);
			buildRules = (
			);
			dependencies = (
				ED66E3851E00408300C84CCE /* PBXTargetDependency */,
			);
			name = AttractorsTests;
			productName = AttractorsTests;
			productReference = ED66E3831E00408300C84CCE /* AttractorsTests.xctest */;
			productType = "com.apple.product-type.bundle.unit-test";
		};
		ED66E38D1E00408400C84CCE /* AttractorsUITests */ = {
			isa = PBXNativeTarget;
			buildConfigurationList = ED66E39D1E00408400C84CCE /* Build configuration list for PBXNativeTarget "AttractorsUITests" */;
			buildPhases = (
				ED66E38A1E00408400C84CCE /* Sources */,
				ED66E38B1E00408400C84CCE /* Frameworks */,
				ED66E38C1E00408400C84CCE /* Resources */,
			);
			buildRules = (
			);
			dependencies = (
				ED66E3901E00408400C84CCE /* PBXTargetDependency */,
			);
			name = AttractorsUITests;
			productName = AttractorsUITests;
			productReference = ED66E38E1E00408400C84CCE /* AttractorsUITests.xctest */;
			productType = "com.apple.product-type.bundle.ui-testing";
		};
/* End PBXNativeTarget section */

/* Begin PBXProject section */
		ED66E3661E00408300C84CCE /* Project object */ = {
			isa = PBXProject;
			attributes = {
				LastSwiftUpdateCheck = 0810;
				LastUpgradeCheck = 0810;
				ORGANIZATIONNAME = "Fernando Domínguez";
				TargetAttributes = {
					ED66E36D1E00408300C84CCE = {
						CreatedOnToolsVersion = 8.1;
						ProvisioningStyle = Automatic;
					};
					ED66E3821E00408300C84CCE = {
						CreatedOnToolsVersion = 8.1;
						ProvisioningStyle = Automatic;
						TestTargetID = ED66E36D1E00408300C84CCE;
					};
					ED66E38D1E00408400C84CCE = {
						CreatedOnToolsVersion = 8.1;
						ProvisioningStyle = Automatic;
						TestTargetID = ED66E36D1E00408300C84CCE;
					};
				};
			};
			buildConfigurationList = ED66E3691E00408300C84CCE /* Build configuration list for PBXProject "Attractors" */;
			compatibilityVersion = "Xcode 3.2";
			developmentRegion = English;
			hasScannedForEncodings = 0;
			knownRegions = (
				en,
				Base,
			);
			mainGroup = ED66E3651E00408300C84CCE;
			productRefGroup = ED66E36F1E00408300C84CCE /* Products */;
			projectDirPath = "";
			projectRoot = "";
			targets = (
				ED66E36D1E00408300C84CCE /* Attractors */,
				ED66E3821E00408300C84CCE /* AttractorsTests */,
				ED66E38D1E00408400C84CCE /* AttractorsUITests */,
			);
		};
/* End PBXProject section */

/* Begin PBXResourcesBuildPhase section */
		ED66E36C1E00408300C84CCE /* Resources */ = {
			isa = PBXResourcesBuildPhase;
			buildActionMask = 2147483647;
			files = (
				ED66E37A1E00408300C84CCE /* Assets.xcassets in Resources */,
				ED66E3781E00408300C84CCE /* art.scnassets in Resources */,
				ED66E37D1E00408300C84CCE /* MainMenu.xib in Resources */,
			);
			runOnlyForDeploymentPostprocessing = 0;
		};
		ED66E3811E00408300C84CCE /* Resources */ = {
			isa = PBXResourcesBuildPhase;
			buildActionMask = 2147483647;
			files = (
			);
			runOnlyForDeploymentPostprocessing = 0;
		};
		ED66E38C1E00408400C84CCE /* Resources */ = {
			isa = PBXResourcesBuildPhase;
			buildActionMask = 2147483647;
			files = (
			);
			runOnlyForDeploymentPostprocessing = 0;
		};
/* End PBXResourcesBuildPhase section */

/* Begin PBXSourcesBuildPhase section */
		ED66E36A1E00408300C84CCE /* Sources */ = {
			isa = PBXSourcesBuildPhase;
			buildActionMask = 2147483647;
			files = (
				ED66E3A51E006A6200C84CCE /* LorenzAttractor.swift in Sources */,
				ED66E3A11E005E8B00C84CCE /* PointCloudVertex.swift in Sources */,
				ED66E3741E00408300C84CCE /* GameView.swift in Sources */,
				ED66E3761E00408300C84CCE /* GameViewController.swift in Sources */,
				ED66E3AB1E00706600C84CCE /* AnishchenkoAttractor.swift in Sources */,
				ED66E3A71E006C7700C84CCE /* AizawaAttractor.swift in Sources */,
				ED66E3A31E0069CC00C84CCE /* Attractor.swift in Sources */,
				ED66E3721E00408300C84CCE /* AppDelegate.swift in Sources */,
			);
			runOnlyForDeploymentPostprocessing = 0;
		};
		ED66E37F1E00408300C84CCE /* Sources */ = {
			isa = PBXSourcesBuildPhase;
			buildActionMask = 2147483647;
			files = (
				ED66E3881E00408300C84CCE /* AttractorsTests.swift in Sources */,
			);
			runOnlyForDeploymentPostprocessing = 0;
		};
		ED66E38A1E00408400C84CCE /* Sources */ = {
			isa = PBXSourcesBuildPhase;
			buildActionMask = 2147483647;
			files = (
				ED66E3931E00408400C84CCE /* AttractorsUITests.swift in Sources */,
			);
			runOnlyForDeploymentPostprocessing = 0;
		};
/* End PBXSourcesBuildPhase section */

/* Begin PBXTargetDependency section */
		ED66E3851E00408300C84CCE /* PBXTargetDependency */ = {
			isa = PBXTargetDependency;
			target = ED66E36D1E00408300C84CCE /* Attractors */;
			targetProxy = ED66E3841E00408300C84CCE /* PBXContainerItemProxy */;
		};
		ED66E3901E00408400C84CCE /* PBXTargetDependency */ = {
			isa = PBXTargetDependency;
			target = ED66E36D1E00408300C84CCE /* Attractors */;
			targetProxy = ED66E38F1E00408400C84CCE /* PBXContainerItemProxy */;
		};
/* End PBXTargetDependency section */

/* Begin PBXVariantGroup section */
		ED66E37B1E00408300C84CCE /* MainMenu.xib */ = {
			isa = PBXVariantGroup;
			children = (
				ED66E37C1E00408300C84CCE /* Base */,
			);
			name = MainMenu.xib;
			sourceTree = "<group>";
		};
/* End PBXVariantGroup section */

/* Begin XCBuildConfiguration section */
		ED66E3951E00408400C84CCE /* Debug */ = {
			isa = XCBuildConfiguration;
			buildSettings = {
				ALWAYS_SEARCH_USER_PATHS = NO;
				CLANG_ANALYZER_NONNULL = YES;
				CLANG_CXX_LANGUAGE_STANDARD = "gnu++0x";
				CLANG_CXX_LIBRARY = "libc++";
				CLANG_ENABLE_MODULES = YES;
				CLANG_ENABLE_OBJC_ARC = YES;
				CLANG_WARN_BOOL_CONVERSION = YES;
				CLANG_WARN_CONSTANT_CONVERSION = YES;
				CLANG_WARN_DIRECT_OBJC_ISA_USAGE = YES_ERROR;
				CLANG_WARN_DOCUMENTATION_COMMENTS = YES;
				CLANG_WARN_EMPTY_BODY = YES;
				CLANG_WARN_ENUM_CONVERSION = YES;
				CLANG_WARN_INFINITE_RECURSION = YES;
				CLANG_WARN_INT_CONVERSION = YES;
				CLANG_WARN_OBJC_ROOT_CLASS = YES_ERROR;
				CLANG_WARN_SUSPICIOUS_MOVES = YES;
				CLANG_WARN_UNREACHABLE_CODE = YES;
				CLANG_WARN__DUPLICATE_METHOD_MATCH = YES;
				CODE_SIGN_IDENTITY = "-";
				COPY_PHASE_STRIP = NO;
				DEBUG_INFORMATION_FORMAT = dwarf;
				ENABLE_STRICT_OBJC_MSGSEND = YES;
				ENABLE_TESTABILITY = YES;
				GCC_C_LANGUAGE_STANDARD = gnu99;
				GCC_DYNAMIC_NO_PIC = NO;
				GCC_NO_COMMON_BLOCKS = YES;
				GCC_OPTIMIZATION_LEVEL = 0;
				GCC_PREPROCESSOR_DEFINITIONS = (
					"DEBUG=1",
					"$(inherited)",
				);
				GCC_WARN_64_TO_32_BIT_CONVERSION = YES;
				GCC_WARN_ABOUT_RETURN_TYPE = YES_ERROR;
				GCC_WARN_UNDECLARED_SELECTOR = YES;
				GCC_WARN_UNINITIALIZED_AUTOS = YES_AGGRESSIVE;
				GCC_WARN_UNUSED_FUNCTION = YES;
				GCC_WARN_UNUSED_VARIABLE = YES;
				MACOSX_DEPLOYMENT_TARGET = 10.11;
				MTL_ENABLE_DEBUG_INFO = YES;
				ONLY_ACTIVE_ARCH = YES;
				SDKROOT = macosx;
				SWIFT_ACTIVE_COMPILATION_CONDITIONS = DEBUG;
				SWIFT_OPTIMIZATION_LEVEL = "-Onone";
			};
			name = Debug;
		};
		ED66E3961E00408400C84CCE /* Release */ = {
			isa = XCBuildConfiguration;
			buildSettings = {
				ALWAYS_SEARCH_USER_PATHS = NO;
				CLANG_ANALYZER_NONNULL = YES;
				CLANG_CXX_LANGUAGE_STANDARD = "gnu++0x";
				CLANG_CXX_LIBRARY = "libc++";
				CLANG_ENABLE_MODULES = YES;
				CLANG_ENABLE_OBJC_ARC = YES;
				CLANG_WARN_BOOL_CONVERSION = YES;
				CLANG_WARN_CONSTANT_CONVERSION = YES;
				CLANG_WARN_DIRECT_OBJC_ISA_USAGE = YES_ERROR;
				CLANG_WARN_DOCUMENTATION_COMMENTS = YES;
				CLANG_WARN_EMPTY_BODY = YES;
				CLANG_WARN_ENUM_CONVERSION = YES;
				CLANG_WARN_INFINITE_RECURSION = YES;
				CLANG_WARN_INT_CONVERSION = YES;
				CLANG_WARN_OBJC_ROOT_CLASS = YES_ERROR;
				CLANG_WARN_SUSPICIOUS_MOVES = YES;
				CLANG_WARN_UNREACHABLE_CODE = YES;
				CLANG_WARN__DUPLICATE_METHOD_MATCH = YES;
				CODE_SIGN_IDENTITY = "-";
				COPY_PHASE_STRIP = NO;
				DEBUG_INFORMATION_FORMAT = "dwarf-with-dsym";
				ENABLE_NS_ASSERTIONS = NO;
				ENABLE_STRICT_OBJC_MSGSEND = YES;
				GCC_C_LANGUAGE_STANDARD = gnu99;
				GCC_NO_COMMON_BLOCKS = YES;
				GCC_WARN_64_TO_32_BIT_CONVERSION = YES;
				GCC_WARN_ABOUT_RETURN_TYPE = YES_ERROR;
				GCC_WARN_UNDECLARED_SELECTOR = YES;
				GCC_WARN_UNINITIALIZED_AUTOS = YES_AGGRESSIVE;
				GCC_WARN_UNUSED_FUNCTION = YES;
				GCC_WARN_UNUSED_VARIABLE = YES;
				MACOSX_DEPLOYMENT_TARGET = 10.11;
				MTL_ENABLE_DEBUG_INFO = NO;
				SDKROOT = macosx;
				SWIFT_OPTIMIZATION_LEVEL = "-Owholemodule";
			};
			name = Release;
		};
		ED66E3981E00408400C84CCE /* Debug */ = {
			isa = XCBuildConfiguration;
			buildSettings = {
				ASSETCATALOG_COMPILER_APPICON_NAME = AppIcon;
				COMBINE_HIDPI_IMAGES = YES;
				INFOPLIST_FILE = Attractors/Info.plist;
				LD_RUNPATH_SEARCH_PATHS = "$(inherited) @executable_path/../Frameworks";
				PRODUCT_BUNDLE_IDENTIFIER = me.fernandodominguez.Attractors;
				PRODUCT_NAME = "$(TARGET_NAME)";
				SWIFT_VERSION = 3.0;
			};
			name = Debug;
		};
		ED66E3991E00408400C84CCE /* Release */ = {
			isa = XCBuildConfiguration;
			buildSettings = {
				ASSETCATALOG_COMPILER_APPICON_NAME = AppIcon;
				COMBINE_HIDPI_IMAGES = YES;
				INFOPLIST_FILE = Attractors/Info.plist;
				LD_RUNPATH_SEARCH_PATHS = "$(inherited) @executable_path/../Frameworks";
				PRODUCT_BUNDLE_IDENTIFIER = me.fernandodominguez.Attractors;
				PRODUCT_NAME = "$(TARGET_NAME)";
				SWIFT_VERSION = 3.0;
			};
			name = Release;
		};
		ED66E39B1E00408400C84CCE /* Debug */ = {
			isa = XCBuildConfiguration;
			buildSettings = {
				ALWAYS_EMBED_SWIFT_STANDARD_LIBRARIES = YES;
				BUNDLE_LOADER = "$(TEST_HOST)";
				COMBINE_HIDPI_IMAGES = YES;
				INFOPLIST_FILE = AttractorsTests/Info.plist;
				LD_RUNPATH_SEARCH_PATHS = "$(inherited) @executable_path/../Frameworks @loader_path/../Frameworks";
				PRODUCT_BUNDLE_IDENTIFIER = me.fernandodominguez.AttractorsTests;
				PRODUCT_NAME = "$(TARGET_NAME)";
				SWIFT_VERSION = 3.0;
				TEST_HOST = "$(BUILT_PRODUCTS_DIR)/Attractors.app/Contents/MacOS/Attractors";
			};
			name = Debug;
		};
		ED66E39C1E00408400C84CCE /* Release */ = {
			isa = XCBuildConfiguration;
			buildSettings = {
				ALWAYS_EMBED_SWIFT_STANDARD_LIBRARIES = YES;
				BUNDLE_LOADER = "$(TEST_HOST)";
				COMBINE_HIDPI_IMAGES = YES;
				INFOPLIST_FILE = AttractorsTests/Info.plist;
				LD_RUNPATH_SEARCH_PATHS = "$(inherited) @executable_path/../Frameworks @loader_path/../Frameworks";
				PRODUCT_BUNDLE_IDENTIFIER = me.fernandodominguez.AttractorsTests;
				PRODUCT_NAME = "$(TARGET_NAME)";
				SWIFT_VERSION = 3.0;
				TEST_HOST = "$(BUILT_PRODUCTS_DIR)/Attractors.app/Contents/MacOS/Attractors";
			};
			name = Release;
		};
		ED66E39E1E00408400C84CCE /* Debug */ = {
			isa = XCBuildConfiguration;
			buildSettings = {
				ALWAYS_EMBED_SWIFT_STANDARD_LIBRARIES = YES;
				COMBINE_HIDPI_IMAGES = YES;
				INFOPLIST_FILE = AttractorsUITests/Info.plist;
				LD_RUNPATH_SEARCH_PATHS = "$(inherited) @executable_path/../Frameworks @loader_path/../Frameworks";
				PRODUCT_BUNDLE_IDENTIFIER = me.fernandodominguez.AttractorsUITests;
				PRODUCT_NAME = "$(TARGET_NAME)";
				SWIFT_VERSION = 3.0;
				TEST_TARGET_NAME = Attractors;
			};
			name = Debug;
		};
		ED66E39F1E00408400C84CCE /* Release */ = {
			isa = XCBuildConfiguration;
			buildSettings = {
				ALWAYS_EMBED_SWIFT_STANDARD_LIBRARIES = YES;
				COMBINE_HIDPI_IMAGES = YES;
				INFOPLIST_FILE = AttractorsUITests/Info.plist;
				LD_RUNPATH_SEARCH_PATHS = "$(inherited) @executable_path/../Frameworks @loader_path/../Frameworks";
				PRODUCT_BUNDLE_IDENTIFIER = me.fernandodominguez.AttractorsUITests;
				PRODUCT_NAME = "$(TARGET_NAME)";
				SWIFT_VERSION = 3.0;
				TEST_TARGET_NAME = Attractors;
			};
			name = Release;
		};
/* End XCBuildConfiguration section */

/* Begin XCConfigurationList section */
		ED66E3691E00408300C84CCE /* Build configuration list for PBXProject "Attractors" */ = {
			isa = XCConfigurationList;
			buildConfigurations = (
				ED66E3951E00408400C84CCE /* Debug */,
				ED66E3961E00408400C84CCE /* Release */,
			);
			defaultConfigurationIsVisible = 0;
			defaultConfigurationName = Release;
		};
		ED66E3971E00408400C84CCE /* Build configuration list for PBXNativeTarget "Attractors" */ = {
			isa = XCConfigurationList;
			buildConfigurations = (
				ED66E3981E00408400C84CCE /* Debug */,
				ED66E3991E00408400C84CCE /* Release */,
			);
			defaultConfigurationIsVisible = 0;
		};
		ED66E39A1E00408400C84CCE /* Build configuration list for PBXNativeTarget "AttractorsTests" */ = {
			isa = XCConfigurationList;
			buildConfigurations = (
				ED66E39B1E00408400C84CCE /* Debug */,
				ED66E39C1E00408400C84CCE /* Release */,
			);
			defaultConfigurationIsVisible = 0;
		};
		ED66E39D1E00408400C84CCE /* Build configuration list for PBXNativeTarget "AttractorsUITests" */ = {
			isa = XCConfigurationList;
			buildConfigurations = (
				ED66E39E1E00408400C84CCE /* Debug */,
				ED66E39F1E00408400C84CCE /* Release */,
			);
			defaultConfigurationIsVisible = 0;
		};
/* End XCConfigurationList section */
	};
	rootObject = ED66E3661E00408300C84CCE /* Project object */;
}
